
Microsoft Visual Studio Solution File, Format Version 12.00
# Visual Studio Version 16
VisualStudioVersion = 16.0.31702.278
MinimumVisualStudioVersion = 10.0.40219.1
Project("{FAE04EC0-301F-11D3-BF4B-00C04F79EFBC}") = "WindowsFormsApp1", "WindowsFormsApp1\WindowsFormsApp1.csproj", "{5F70F30F-FFD0-4F7E-B1F3-4DB41C803D85}"
EndProject
Global
	GlobalSection(SolutionConfigurationPlatforms) = preSolution
		Debug|Any CPU = Debug|Any CPU
		Release|Any CPU = Release|Any CPU
	EndGlobalSection
	GlobalSection(ProjectConfigurationPlatforms) = postSolution
		{5F70F30F-FFD0-4F7E-B1F3-4DB41C803D85}.Debug|Any CPU.ActiveCfg = Debug|Any CPU
		{5F70F30F-FFD0-4F7E-B1F3-4DB41C803D85}.Debug|Any CPU.Build.0 = Debug|Any CPU
		{5F70F30F-FFD0-4F7E-B1F3-4DB41C803D85}.Release|Any CPU.ActiveCfg = Release|Any CPU
		{5F70F30F-FFD0-4F7E-B1F3-4DB41C803D85}.Release|Any CPU.Build.0 = Release|Any CPU
	EndGlobalSection
	GlobalSection(SolutionProperties) = preSolution
		HideSolutionNode = FALSE
	EndGlobalSection
	GlobalSection(ExtensibilityGlobals) = postSolution
		SolutionGuid = {0607EDDD-2AA0-4649-905A-52C2790C94AC}
	EndGlobalSection
EndGlobal
